
Microsoft Visual Studio Solution File, Format Version 12.00
# Visual Studio Version 17
VisualStudioVersion = 17.1.32421.90
MinimumVisualStudioVersion = 10.0.40219.1
Project("{FAE04EC0-301F-11D3-BF4B-00C04F79EFBC}") = "AtividadesAPI", "AtividadesAPI\AtividadesAPI.csproj", "{56EF52E2-B635-46B7-B91E-5908485E8D28}"
EndProject
Global
	GlobalSection(SolutionConfigurationPlatforms) = preSolution
		Debug|Any CPU = Debug|Any CPU
		Release|Any CPU = Release|Any CPU
	EndGlobalSection
	GlobalSection(ProjectConfigurationPlatforms) = postSolution
		{56EF52E2-B635-46B7-B91E-5908485E8D28}.Debug|Any CPU.ActiveCfg = Debug|Any CPU
		{56EF52E2-B635-46B7-B91E-5908485E8D28}.Debug|Any CPU.Build.0 = Debug|Any CPU
		{56EF52E2-B635-46B7-B91E-5908485E8D28}.Release|Any CPU.ActiveCfg = Release|Any CPU
		{56EF52E2-B635-46B7-B91E-5908485E8D28}.Release|Any CPU.Build.0 = Release|Any CPU
	EndGlobalSection
	GlobalSection(SolutionProperties) = preSolution
		HideSolutionNode = FALSE
	EndGlobalSection
	GlobalSection(ExtensibilityGlobals) = postSolution
		SolutionGuid = {6E8DCBCD-A42F-4F4B-949F-D0717F8714AB}
	EndGlobalSection
EndGlobal
